# This file is automatically @generated by Cargo.
# It is not intended for manual editing.
[[package]]
name = "bencode"
version = "0.1.0"

[[package]]
name = "directories"
version = "0.1.0"

[[package]]
name = "runner"
version = "0.1.0"
dependencies = [
 "bencode 0.1.0",
 "directories 0.1.0",
 "watcher 0.1.0",
]

[[package]]
name = "torrent"
version = "0.1.0"
dependencies = [
 "bencode 0.1.0",
]

[[package]]
name = "watcher"
version = "0.1.0"

